// !$*UTF8*$!
{
	archiveVersion = 1;
	classes = {
	};
	objectVersion = 48;
	objects = {

/* Begin PBXBuildFile section */
		558FB9391FDF894500D39CD3 /* String.swift in Sources */ = {isa = PBXBuildFile; fileRef = 558FB9381FDF894500D39CD3 /* String.swift */; };
		55C44B441F87E86F002D5B24 /* AppDelegate.swift in Sources */ = {isa = PBXBuildFile; fileRef = 55C44B431F87E86F002D5B24 /* AppDelegate.swift */; };
		55C44B461F87E86F002D5B24 /* art.scnassets in Resources */ = {isa = PBXBuildFile; fileRef = 55C44B451F87E86F002D5B24 /* art.scnassets */; };
		55C44B481F87E86F002D5B24 /* ViewController.swift in Sources */ = {isa = PBXBuildFile; fileRef = 55C44B471F87E86F002D5B24 /* ViewController.swift */; };
		55C44B4B1F87E86F002D5B24 /* Main.storyboard in Resources */ = {isa = PBXBuildFile; fileRef = 55C44B491F87E86F002D5B24 /* Main.storyboard */; };
		55C44B4D1F87E86F002D5B24 /* Assets.xcassets in Resources */ = {isa = PBXBuildFile; fileRef = 55C44B4C1F87E86F002D5B24 /* Assets.xcassets */; };
		55C44B501F87E86F002D5B24 /* LaunchScreen.storyboard in Resources */ = {isa = PBXBuildFile; fileRef = 55C44B4E1F87E86F002D5B24 /* LaunchScreen.storyboard */; };
		55C44B5B1F87E870002D5B24 /* SpineducationTests.swift in Sources */ = {isa = PBXBuildFile; fileRef = 55C44B5A1F87E870002D5B24 /* SpineducationTests.swift */; };
		55C44B661F87E870002D5B24 /* SpineducationUITests.swift in Sources */ = {isa = PBXBuildFile; fileRef = 55C44B651F87E870002D5B24 /* SpineducationUITests.swift */; };
		55FD35A01FD8F03C002ADEFA /* bullseye.png in Resources */ = {isa = PBXBuildFile; fileRef = 55FD359F1FD8F03B002ADEFA /* bullseye.png */; };
		7DCDDB671FD9C83C00266C84 /* bullseye.dae in Resources */ = {isa = PBXBuildFile; fileRef = 7DCDDB661FD9C83C00266C84 /* bullseye.dae */; };
		7DFE97FE1FDDC02300C41259 /* bullseye_black.png in Resources */ = {isa = PBXBuildFile; fileRef = 7DFE97FD1FDDC02200C41259 /* bullseye_black.png */; };
		A40B3CBE1FE6FC7400B6B2CC /* FetchRandomMcq.swift in Sources */ = {isa = PBXBuildFile; fileRef = A40B3CBD1FE6FC7400B6B2CC /* FetchRandomMcq.swift */; };
		A40B3CC01FE795B700B6B2CC /* CasesExample.json in Resources */ = {isa = PBXBuildFile; fileRef = A40B3CBF1FE795B700B6B2CC /* CasesExample.json */; };
		A40B3CC21FE7960F00B6B2CC /* MCQExample.json in Resources */ = {isa = PBXBuildFile; fileRef = A40B3CC11FE7960F00B6B2CC /* MCQExample.json */; };
		A40D06141FD6FF5700A865E6 /* MCQcategoriesVC.swift in Sources */ = {isa = PBXBuildFile; fileRef = A40D06121FD6FF5600A865E6 /* MCQcategoriesVC.swift */; };
		A40D06151FD6FF5700A865E6 /* MCQdynamicVC.swift in Sources */ = {isa = PBXBuildFile; fileRef = A40D06131FD6FF5700A865E6 /* MCQdynamicVC.swift */; };
		A40D06171FD71AF800A865E6 /* icons8-user.png in Resources */ = {isa = PBXBuildFile; fileRef = A40D06161FD71AF700A865E6 /* icons8-user.png */; };
		A40D061B1FD71D1C00A865E6 /* icons8-more_filled.png in Resources */ = {isa = PBXBuildFile; fileRef = A40D06181FD71D1B00A865E6 /* icons8-more_filled.png */; };
		A40D061C1FD71D1C00A865E6 /* icons8-screenshot.png in Resources */ = {isa = PBXBuildFile; fileRef = A40D06191FD71D1C00A865E6 /* icons8-screenshot.png */; };
		A40D061D1FD71D1C00A865E6 /* icons8-edit_property_filled.png in Resources */ = {isa = PBXBuildFile; fileRef = A40D061A1FD71D1C00A865E6 /* icons8-edit_property_filled.png */; };
		A40D061F1FD71D3E00A865E6 /* icons8-edit_property.png in Resources */ = {isa = PBXBuildFile; fileRef = A40D061E1FD71D3E00A865E6 /* icons8-edit_property.png */; };
		A40D06221FD76F6700A865E6 /* icons8-shuffle_filled.png in Resources */ = {isa = PBXBuildFile; fileRef = A40D06211FD76F6700A865E6 /* icons8-shuffle_filled.png */; };
		A434298B1FEE2F0200E0BF49 /* Case_1_images in Resources */ = {isa = PBXBuildFile; fileRef = A434298A1FEE2F0200E0BF49 /* Case_1_images */; };
		A434298D1FF2D15500E0BF49 /* HardCodingCases.swift in Sources */ = {isa = PBXBuildFile; fileRef = A434298C1FF2D15500E0BF49 /* HardCodingCases.swift */; };
		A49D14CD1FB61B2C000485E4 /* mcq.swift in Sources */ = {isa = PBXBuildFile; fileRef = A49D14CB1FB61B2C000485E4 /* mcq.swift */; };
		A49D14CE1FB61B2C000485E4 /* Prompt.swift in Sources */ = {isa = PBXBuildFile; fileRef = A49D14CC1FB61B2C000485E4 /* Prompt.swift */; };
		A4A525A81FAF6ACE0078B56F /* CasesVC.swift in Sources */ = {isa = PBXBuildFile; fileRef = A4A525A71FAF6ACE0078B56F /* CasesVC.swift */; };
		A4A525AA1FAF6B020078B56F /* HomeModel.swift in Sources */ = {isa = PBXBuildFile; fileRef = A4A525A91FAF6B020078B56F /* HomeModel.swift */; };
		A4A525AC1FAF6B340078B56F /* MedicalCase.swift in Sources */ = {isa = PBXBuildFile; fileRef = A4A525AB1FAF6B340078B56F /* MedicalCase.swift */; };
		A4A525AE1FAF6B570078B56F /* CasesMainPage.swift in Sources */ = {isa = PBXBuildFile; fileRef = A4A525AD1FAF6B570078B56F /* CasesMainPage.swift */; };
		A4A525B01FAF6B760078B56F /* CaseDataVC.swift in Sources */ = {isa = PBXBuildFile; fileRef = A4A525AF1FAF6B760078B56F /* CaseDataVC.swift */; };
		DC24C29E1FD4F3720074A499 /* MCQExampleVC.swift in Sources */ = {isa = PBXBuildFile; fileRef = DC24C29D1FD4F3720074A499 /* MCQExampleVC.swift */; };
		DC24C2A01FD4F91A0074A499 /* SpinnerPageVC.swift in Sources */ = {isa = PBXBuildFile; fileRef = DC24C29F1FD4F91A0074A499 /* SpinnerPageVC.swift */; };
		DC24C2A21FD4FBA70074A499 /* spinnerPV.swift in Sources */ = {isa = PBXBuildFile; fileRef = DC24C2A11FD4FBA70074A499 /* spinnerPV.swift */; };
		DC61CBF31FBA46EC002B2DBA /* spine cool.jpg in Resources */ = {isa = PBXBuildFile; fileRef = DC61CBF21FBA46EB002B2DBA /* spine cool.jpg */; };
/* End PBXBuildFile section */

/* Begin PBXContainerItemProxy section */
		55C44B571F87E870002D5B24 /* PBXContainerItemProxy */ = {
			isa = PBXContainerItemProxy;
			containerPortal = 55C44B381F87E86F002D5B24 /* Project object */;
			proxyType = 1;
			remoteGlobalIDString = 55C44B3F1F87E86F002D5B24;
			remoteInfo = Spineducation;
		};
		55C44B621F87E870002D5B24 /* PBXContainerItemProxy */ = {
			isa = PBXContainerItemProxy;
			containerPortal = 55C44B381F87E86F002D5B24 /* Project object */;
			proxyType = 1;
			remoteGlobalIDString = 55C44B3F1F87E86F002D5B24;
			remoteInfo = Spineducation;
		};
/* End PBXContainerItemProxy section */

/* Begin PBXFileReference section */
		558FB9381FDF894500D39CD3 /* String.swift */ = {isa = PBXFileReference; lastKnownFileType = sourcecode.swift; path = String.swift; sourceTree = "<group>"; };
		55C44B401F87E86F002D5B24 /* Spineducation.app */ = {isa = PBXFileReference; explicitFileType = wrapper.application; includeInIndex = 0; path = Spineducation.app; sourceTree = BUILT_PRODUCTS_DIR; };
		55C44B431F87E86F002D5B24 /* AppDelegate.swift */ = {isa = PBXFileReference; lastKnownFileType = sourcecode.swift; path = AppDelegate.swift; sourceTree = "<group>"; };
		55C44B451F87E86F002D5B24 /* art.scnassets */ = {isa = PBXFileReference; lastKnownFileType = wrapper.scnassets; path = art.scnassets; sourceTree = "<group>"; };
		55C44B471F87E86F002D5B24 /* ViewController.swift */ = {isa = PBXFileReference; lastKnownFileType = sourcecode.swift; path = ViewController.swift; sourceTree = "<group>"; };
		55C44B4A1F87E86F002D5B24 /* Base */ = {isa = PBXFileReference; lastKnownFileType = file.storyboard; name = Base; path = Base.lproj/Main.storyboard; sourceTree = "<group>"; };
		55C44B4C1F87E86F002D5B24 /* Assets.xcassets */ = {isa = PBXFileReference; lastKnownFileType = folder.assetcatalog; path = Assets.xcassets; sourceTree = "<group>"; };
		55C44B4F1F87E86F002D5B24 /* Base */ = {isa = PBXFileReference; lastKnownFileType = file.storyboard; name = Base; path = Base.lproj/LaunchScreen.storyboard; sourceTree = "<group>"; };
		55C44B511F87E86F002D5B24 /* Info.plist */ = {isa = PBXFileReference; lastKnownFileType = text.plist.xml; path = Info.plist; sourceTree = "<group>"; };
		55C44B561F87E870002D5B24 /* SpineducationTests.xctest */ = {isa = PBXFileReference; explicitFileType = wrapper.cfbundle; includeInIndex = 0; path = SpineducationTests.xctest; sourceTree = BUILT_PRODUCTS_DIR; };
		55C44B5A1F87E870002D5B24 /* SpineducationTests.swift */ = {isa = PBXFileReference; lastKnownFileType = sourcecode.swift; path = SpineducationTests.swift; sourceTree = "<group>"; };
		55C44B5C1F87E870002D5B24 /* Info.plist */ = {isa = PBXFileReference; lastKnownFileType = text.plist.xml; path = Info.plist; sourceTree = "<group>"; };
		55C44B611F87E870002D5B24 /* SpineducationUITests.xctest */ = {isa = PBXFileReference; explicitFileType = wrapper.cfbundle; includeInIndex = 0; path = SpineducationUITests.xctest; sourceTree = BUILT_PRODUCTS_DIR; };
		55C44B651F87E870002D5B24 /* SpineducationUITests.swift */ = {isa = PBXFileReference; lastKnownFileType = sourcecode.swift; path = SpineducationUITests.swift; sourceTree = "<group>"; };
		55C44B671F87E870002D5B24 /* Info.plist */ = {isa = PBXFileReference; lastKnownFileType = text.plist.xml; path = Info.plist; sourceTree = "<group>"; };
		55FD359F1FD8F03B002ADEFA /* bullseye.png */ = {isa = PBXFileReference; lastKnownFileType = image.png; path = bullseye.png; sourceTree = "<group>"; };
		7DCDDB661FD9C83C00266C84 /* bullseye.dae */ = {isa = PBXFileReference; fileEncoding = 4; lastKnownFileType = text.xml.dae; name = bullseye.dae; path = art.scnassets/bullseye.dae; sourceTree = "<group>"; };
		7DFE97FD1FDDC02200C41259 /* bullseye_black.png */ = {isa = PBXFileReference; lastKnownFileType = image.png; path = bullseye_black.png; sourceTree = SOURCE_ROOT; };
		A40B3CBD1FE6FC7400B6B2CC /* FetchRandomMcq.swift */ = {isa = PBXFileReference; lastKnownFileType = sourcecode.swift; path = FetchRandomMcq.swift; sourceTree = "<group>"; };
		A40B3CBF1FE795B700B6B2CC /* CasesExample.json */ = {isa = PBXFileReference; lastKnownFileType = text.json; path = CasesExample.json; sourceTree = "<group>"; };
		A40B3CC11FE7960F00B6B2CC /* MCQExample.json */ = {isa = PBXFileReference; lastKnownFileType = text.json; path = MCQExample.json; sourceTree = "<group>"; };
		A40D06121FD6FF5600A865E6 /* MCQcategoriesVC.swift */ = {isa = PBXFileReference; fileEncoding = 4; lastKnownFileType = sourcecode.swift; path = MCQcategoriesVC.swift; sourceTree = "<group>"; };
		A40D06131FD6FF5700A865E6 /* MCQdynamicVC.swift */ = {isa = PBXFileReference; fileEncoding = 4; lastKnownFileType = sourcecode.swift; path = MCQdynamicVC.swift; sourceTree = "<group>"; };
		A40D06161FD71AF700A865E6 /* icons8-user.png */ = {isa = PBXFileReference; lastKnownFileType = image.png; path = "icons8-user.png"; sourceTree = "<group>"; };
		A40D06181FD71D1B00A865E6 /* icons8-more_filled.png */ = {isa = PBXFileReference; lastKnownFileType = image.png; path = "icons8-more_filled.png"; sourceTree = "<group>"; };
		A40D06191FD71D1C00A865E6 /* icons8-screenshot.png */ = {isa = PBXFileReference; lastKnownFileType = image.png; path = "icons8-screenshot.png"; sourceTree = "<group>"; };
		A40D061A1FD71D1C00A865E6 /* icons8-edit_property_filled.png */ = {isa = PBXFileReference; lastKnownFileType = image.png; path = "icons8-edit_property_filled.png"; sourceTree = "<group>"; };
		A40D061E1FD71D3E00A865E6 /* icons8-edit_property.png */ = {isa = PBXFileReference; lastKnownFileType = image.png; path = "icons8-edit_property.png"; sourceTree = "<group>"; };
		A40D06211FD76F6700A865E6 /* icons8-shuffle_filled.png */ = {isa = PBXFileReference; lastKnownFileType = image.png; path = "icons8-shuffle_filled.png"; sourceTree = "<group>"; };
		A434298A1FEE2F0200E0BF49 /* Case_1_images */ = {isa = PBXFileReference; lastKnownFileType = folder; path = Case_1_images; sourceTree = "<group>"; };
		A434298C1FF2D15500E0BF49 /* HardCodingCases.swift */ = {isa = PBXFileReference; lastKnownFileType = sourcecode.swift; path = HardCodingCases.swift; sourceTree = "<group>"; };
		A49D14CB1FB61B2C000485E4 /* mcq.swift */ = {isa = PBXFileReference; fileEncoding = 4; lastKnownFileType = sourcecode.swift; path = mcq.swift; sourceTree = "<group>"; };
		A49D14CC1FB61B2C000485E4 /* Prompt.swift */ = {isa = PBXFileReference; fileEncoding = 4; lastKnownFileType = sourcecode.swift; path = Prompt.swift; sourceTree = "<group>"; };
		A4A525A71FAF6ACE0078B56F /* CasesVC.swift */ = {isa = PBXFileReference; lastKnownFileType = sourcecode.swift; path = CasesVC.swift; sourceTree = "<group>"; };
		A4A525A91FAF6B020078B56F /* HomeModel.swift */ = {isa = PBXFileReference; lastKnownFileType = sourcecode.swift; path = HomeModel.swift; sourceTree = "<group>"; };
		A4A525AB1FAF6B340078B56F /* MedicalCase.swift */ = {isa = PBXFileReference; lastKnownFileType = sourcecode.swift; path = MedicalCase.swift; sourceTree = "<group>"; };
		A4A525AD1FAF6B570078B56F /* CasesMainPage.swift */ = {isa = PBXFileReference; lastKnownFileType = sourcecode.swift; path = CasesMainPage.swift; sourceTree = "<group>"; };
		A4A525AF1FAF6B760078B56F /* CaseDataVC.swift */ = {isa = PBXFileReference; lastKnownFileType = sourcecode.swift; path = CaseDataVC.swift; sourceTree = "<group>"; };
		DC24C29D1FD4F3720074A499 /* MCQExampleVC.swift */ = {isa = PBXFileReference; lastKnownFileType = sourcecode.swift; path = MCQExampleVC.swift; sourceTree = "<group>"; };
		DC24C29F1FD4F91A0074A499 /* SpinnerPageVC.swift */ = {isa = PBXFileReference; lastKnownFileType = sourcecode.swift; path = SpinnerPageVC.swift; sourceTree = "<group>"; };
		DC24C2A11FD4FBA70074A499 /* spinnerPV.swift */ = {isa = PBXFileReference; lastKnownFileType = sourcecode.swift; path = spinnerPV.swift; sourceTree = "<group>"; };
		DC61CBF21FBA46EB002B2DBA /* spine cool.jpg */ = {isa = PBXFileReference; lastKnownFileType = image.jpeg; path = "spine cool.jpg"; sourceTree = "<group>"; };
/* End PBXFileReference section */

/* Begin PBXFrameworksBuildPhase section */
		55C44B3D1F87E86F002D5B24 /* Frameworks */ = {
			isa = PBXFrameworksBuildPhase;
			buildActionMask = 2147483647;
			files = (
			);
			runOnlyForDeploymentPostprocessing = 0;
		};
		55C44B531F87E870002D5B24 /* Frameworks */ = {
			isa = PBXFrameworksBuildPhase;
			buildActionMask = 2147483647;
			files = (
			);
			runOnlyForDeploymentPostprocessing = 0;
		};
		55C44B5E1F87E870002D5B24 /* Frameworks */ = {
			isa = PBXFrameworksBuildPhase;
			buildActionMask = 2147483647;
			files = (
			);
			runOnlyForDeploymentPostprocessing = 0;
		};
/* End PBXFrameworksBuildPhase section */

/* Begin PBXGroup section */
		55C44B371F87E86F002D5B24 = {
			isa = PBXGroup;
			children = (
				55C44B421F87E86F002D5B24 /* Spineducation */,
				55C44B591F87E870002D5B24 /* SpineducationTests */,
				55C44B641F87E870002D5B24 /* SpineducationUITests */,
				55C44B411F87E86F002D5B24 /* Products */,
			);
			sourceTree = "<group>";
		};
		55C44B411F87E86F002D5B24 /* Products */ = {
			isa = PBXGroup;
			children = (
				55C44B401F87E86F002D5B24 /* Spineducation.app */,
				55C44B561F87E870002D5B24 /* SpineducationTests.xctest */,
				55C44B611F87E870002D5B24 /* SpineducationUITests.xctest */,
			);
			name = Products;
			sourceTree = "<group>";
		};
		55C44B421F87E86F002D5B24 /* Spineducation */ = {
			isa = PBXGroup;
			children = (
				DC61CBEF1FBA4415002B2DBA /* App Layput Graphics */,
				55C44B431F87E86F002D5B24 /* AppDelegate.swift */,
				55C44B451F87E86F002D5B24 /* art.scnassets */,
				55C44B4C1F87E86F002D5B24 /* Assets.xcassets */,
				7DFE97FD1FDDC02200C41259 /* bullseye_black.png */,
				7DCDDB661FD9C83C00266C84 /* bullseye.dae */,
				55FD359F1FD8F03B002ADEFA /* bullseye.png */,
				A4A525B11FAF8A980078B56F /* Cases */,
				A40D06201FD71DC200A865E6 /* Icons */,
				55C44B511F87E86F002D5B24 /* Info.plist */,
				55C44B4E1F87E86F002D5B24 /* LaunchScreen.storyboard */,
				55C44B491F87E86F002D5B24 /* Main.storyboard */,
				558FB9381FDF894500D39CD3 /* String.swift */,
				55C44B471F87E86F002D5B24 /* ViewController.swift */,
			);
			path = Spineducation;
			sourceTree = "<group>";
		};
		55C44B591F87E870002D5B24 /* SpineducationTests */ = {
			isa = PBXGroup;
			children = (
				55C44B5A1F87E870002D5B24 /* SpineducationTests.swift */,
				55C44B5C1F87E870002D5B24 /* Info.plist */,
			);
			path = SpineducationTests;
			sourceTree = "<group>";
		};
		55C44B641F87E870002D5B24 /* SpineducationUITests */ = {
			isa = PBXGroup;
			children = (
				55C44B651F87E870002D5B24 /* SpineducationUITests.swift */,
				55C44B671F87E870002D5B24 /* Info.plist */,
			);
			path = SpineducationUITests;
			sourceTree = "<group>";
		};
		A40D06201FD71DC200A865E6 /* Icons */ = {
			isa = PBXGroup;
			children = (
				A40D06211FD76F6700A865E6 /* icons8-shuffle_filled.png */,
				A40D061E1FD71D3E00A865E6 /* icons8-edit_property.png */,
				A40D061A1FD71D1C00A865E6 /* icons8-edit_property_filled.png */,
				A40D06181FD71D1B00A865E6 /* icons8-more_filled.png */,
				A40D06191FD71D1C00A865E6 /* icons8-screenshot.png */,
				A40D06161FD71AF700A865E6 /* icons8-user.png */,
			);
			path = Icons;
			sourceTree = "<group>";
		};
		A4A525B11FAF8A980078B56F /* Cases */ = {
			isa = PBXGroup;
			children = (
				A434298A1FEE2F0200E0BF49 /* Case_1_images */,
				A4A525AF1FAF6B760078B56F /* CaseDataVC.swift */,
				A40B3CBF1FE795B700B6B2CC /* CasesExample.json */,
				A4A525AD1FAF6B570078B56F /* CasesMainPage.swift */,
				A4A525A71FAF6ACE0078B56F /* CasesVC.swift */,
				A40B3CBD1FE6FC7400B6B2CC /* FetchRandomMcq.swift */,
				A434298C1FF2D15500E0BF49 /* HardCodingCases.swift */,
				A4A525A91FAF6B020078B56F /* HomeModel.swift */,
				A49D14CB1FB61B2C000485E4 /* mcq.swift */,
				A40D06121FD6FF5600A865E6 /* MCQcategoriesVC.swift */,
				A40D06131FD6FF5700A865E6 /* MCQdynamicVC.swift */,
				A40B3CC11FE7960F00B6B2CC /* MCQExample.json */,
				DC24C29D1FD4F3720074A499 /* MCQExampleVC.swift */,
				A4A525AB1FAF6B340078B56F /* MedicalCase.swift */,
				A49D14CC1FB61B2C000485E4 /* Prompt.swift */,
				DC24C29F1FD4F91A0074A499 /* SpinnerPageVC.swift */,
				DC24C2A11FD4FBA70074A499 /* spinnerPV.swift */,
			);
			path = Cases;
			sourceTree = "<group>";
		};
		DC61CBEF1FBA4415002B2DBA /* App Layput Graphics */ = {
			isa = PBXGroup;
			children = (
				DC61CBF21FBA46EB002B2DBA /* spine cool.jpg */,
			);
			path = "App Layput Graphics";
			sourceTree = "<group>";
		};
/* End PBXGroup section */

/* Begin PBXNativeTarget section */
		55C44B3F1F87E86F002D5B24 /* Spineducation */ = {
			isa = PBXNativeTarget;
			buildConfigurationList = 55C44B6A1F87E870002D5B24 /* Build configuration list for PBXNativeTarget "Spineducation" */;
			buildPhases = (
				55C44B3C1F87E86F002D5B24 /* Sources */,
				55C44B3D1F87E86F002D5B24 /* Frameworks */,
				55C44B3E1F87E86F002D5B24 /* Resources */,
			);
			buildRules = (
			);
			dependencies = (
			);
			name = Spineducation;
			productName = Spineducation;
			productReference = 55C44B401F87E86F002D5B24 /* Spineducation.app */;
			productType = "com.apple.product-type.application";
		};
		55C44B551F87E870002D5B24 /* SpineducationTests */ = {
			isa = PBXNativeTarget;
			buildConfigurationList = 55C44B6D1F87E870002D5B24 /* Build configuration list for PBXNativeTarget "SpineducationTests" */;
			buildPhases = (
				55C44B521F87E870002D5B24 /* Sources */,
				55C44B531F87E870002D5B24 /* Frameworks */,
				55C44B541F87E870002D5B24 /* Resources */,
			);
			buildRules = (
			);
			dependencies = (
				55C44B581F87E870002D5B24 /* PBXTargetDependency */,
			);
			name = SpineducationTests;
			productName = SpineducationTests;
			productReference = 55C44B561F87E870002D5B24 /* SpineducationTests.xctest */;
			productType = "com.apple.product-type.bundle.unit-test";
		};
		55C44B601F87E870002D5B24 /* SpineducationUITests */ = {
			isa = PBXNativeTarget;
			buildConfigurationList = 55C44B701F87E870002D5B24 /* Build configuration list for PBXNativeTarget "SpineducationUITests" */;
			buildPhases = (
				55C44B5D1F87E870002D5B24 /* Sources */,
				55C44B5E1F87E870002D5B24 /* Frameworks */,
				55C44B5F1F87E870002D5B24 /* Resources */,
			);
			buildRules = (
			);
			dependencies = (
				55C44B631F87E870002D5B24 /* PBXTargetDependency */,
			);
			name = SpineducationUITests;
			productName = SpineducationUITests;
			productReference = 55C44B611F87E870002D5B24 /* SpineducationUITests.xctest */;
			productType = "com.apple.product-type.bundle.ui-testing";
		};
/* End PBXNativeTarget section */

/* Begin PBXProject section */
		55C44B381F87E86F002D5B24 /* Project object */ = {
			isa = PBXProject;
			attributes = {
				LastSwiftUpdateCheck = 0900;
				LastUpgradeCheck = 0900;
				ORGANIZATIONNAME = "Katrine Rachitsky";
				TargetAttributes = {
					55C44B3F1F87E86F002D5B24 = {
						CreatedOnToolsVersion = 9.0;
						ProvisioningStyle = Automatic;
					};
					55C44B551F87E870002D5B24 = {
						CreatedOnToolsVersion = 9.0;
						ProvisioningStyle = Automatic;
						TestTargetID = 55C44B3F1F87E86F002D5B24;
					};
					55C44B601F87E870002D5B24 = {
						CreatedOnToolsVersion = 9.0;
						ProvisioningStyle = Automatic;
						TestTargetID = 55C44B3F1F87E86F002D5B24;
					};
				};
			};
			buildConfigurationList = 55C44B3B1F87E86F002D5B24 /* Build configuration list for PBXProject "Spineducation" */;
			compatibilityVersion = "Xcode 8.0";
			developmentRegion = en;
			hasScannedForEncodings = 0;
			knownRegions = (
				en,
				Base,
			);
			mainGroup = 55C44B371F87E86F002D5B24;
			productRefGroup = 55C44B411F87E86F002D5B24 /* Products */;
			projectDirPath = "";
			projectRoot = "";
			targets = (
				55C44B3F1F87E86F002D5B24 /* Spineducation */,
				55C44B551F87E870002D5B24 /* SpineducationTests */,
				55C44B601F87E870002D5B24 /* SpineducationUITests */,
			);
		};
/* End PBXProject section */

/* Begin PBXResourcesBuildPhase section */
		55C44B3E1F87E86F002D5B24 /* Resources */ = {
			isa = PBXResourcesBuildPhase;
			buildActionMask = 2147483647;
			files = (
				55FD35A01FD8F03C002ADEFA /* bullseye.png in Resources */,
				A40D06221FD76F6700A865E6 /* icons8-shuffle_filled.png in Resources */,
				A40D06171FD71AF800A865E6 /* icons8-user.png in Resources */,
				DC61CBF31FBA46EC002B2DBA /* spine cool.jpg in Resources */,
				A434298B1FEE2F0200E0BF49 /* Case_1_images in Resources */,
				A40B3CC21FE7960F00B6B2CC /* MCQExample.json in Resources */,
				55C44B461F87E86F002D5B24 /* art.scnassets in Resources */,
				A40D061B1FD71D1C00A865E6 /* icons8-more_filled.png in Resources */,
				55C44B501F87E86F002D5B24 /* LaunchScreen.storyboard in Resources */,
				55C44B4D1F87E86F002D5B24 /* Assets.xcassets in Resources */,
				A40D061C1FD71D1C00A865E6 /* icons8-screenshot.png in Resources */,
				7DCDDB671FD9C83C00266C84 /* bullseye.dae in Resources */,
				7DFE97FE1FDDC02300C41259 /* bullseye_black.png in Resources */,
				A40B3CC01FE795B700B6B2CC /* CasesExample.json in Resources */,
				A40D061D1FD71D1C00A865E6 /* icons8-edit_property_filled.png in Resources */,
				55C44B4B1F87E86F002D5B24 /* Main.storyboard in Resources */,
				A40D061F1FD71D3E00A865E6 /* icons8-edit_property.png in Resources */,
			);
			runOnlyForDeploymentPostprocessing = 0;
		};
		55C44B541F87E870002D5B24 /* Resources */ = {
			isa = PBXResourcesBuildPhase;
			buildActionMask = 2147483647;
			files = (
			);
			runOnlyForDeploymentPostprocessing = 0;
		};
		55C44B5F1F87E870002D5B24 /* Resources */ = {
			isa = PBXResourcesBuildPhase;
			buildActionMask = 2147483647;
			files = (
			);
			runOnlyForDeploymentPostprocessing = 0;
		};
/* End PBXResourcesBuildPhase section */

/* Begin PBXSourcesBuildPhase section */
		55C44B3C1F87E86F002D5B24 /* Sources */ = {
			isa = PBXSourcesBuildPhase;
			buildActionMask = 2147483647;
			files = (
				A4A525AC1FAF6B340078B56F /* MedicalCase.swift in Sources */,
				A4A525AA1FAF6B020078B56F /* HomeModel.swift in Sources */,
				DC24C2A01FD4F91A0074A499 /* SpinnerPageVC.swift in Sources */,
				A4A525AE1FAF6B570078B56F /* CasesMainPage.swift in Sources */,
				A4A525B01FAF6B760078B56F /* CaseDataVC.swift in Sources */,
				55C44B481F87E86F002D5B24 /* ViewController.swift in Sources */,
				A49D14CD1FB61B2C000485E4 /* mcq.swift in Sources */,
				55C44B441F87E86F002D5B24 /* AppDelegate.swift in Sources */,
				A434298D1FF2D15500E0BF49 /* HardCodingCases.swift in Sources */,
				A49D14CE1FB61B2C000485E4 /* Prompt.swift in Sources */,
				A40D06141FD6FF5700A865E6 /* MCQcategoriesVC.swift in Sources */,
				558FB9391FDF894500D39CD3 /* String.swift in Sources */,
				A40B3CBE1FE6FC7400B6B2CC /* FetchRandomMcq.swift in Sources */,
				DC24C29E1FD4F3720074A499 /* MCQExampleVC.swift in Sources */,
				A4A525A81FAF6ACE0078B56F /* CasesVC.swift in Sources */,
				A40D06151FD6FF5700A865E6 /* MCQdynamicVC.swift in Sources */,
				DC24C2A21FD4FBA70074A499 /* spinnerPV.swift in Sources */,
			);
			runOnlyForDeploymentPostprocessing = 0;
		};
		55C44B521F87E870002D5B24 /* Sources */ = {
			isa = PBXSourcesBuildPhase;
			buildActionMask = 2147483647;
			files = (
				55C44B5B1F87E870002D5B24 /* SpineducationTests.swift in Sources */,
			);
			runOnlyForDeploymentPostprocessing = 0;
		};
		55C44B5D1F87E870002D5B24 /* Sources */ = {
			isa = PBXSourcesBuildPhase;
			buildActionMask = 2147483647;
			files = (
				55C44B661F87E870002D5B24 /* SpineducationUITests.swift in Sources */,
			);
			runOnlyForDeploymentPostprocessing = 0;
		};
/* End PBXSourcesBuildPhase section */

/* Begin PBXTargetDependency section */
		55C44B581F87E870002D5B24 /* PBXTargetDependency */ = {
			isa = PBXTargetDependency;
			target = 55C44B3F1F87E86F002D5B24 /* Spineducation */;
			targetProxy = 55C44B571F87E870002D5B24 /* PBXContainerItemProxy */;
		};
		55C44B631F87E870002D5B24 /* PBXTargetDependency */ = {
			isa = PBXTargetDependency;
			target = 55C44B3F1F87E86F002D5B24 /* Spineducation */;
			targetProxy = 55C44B621F87E870002D5B24 /* PBXContainerItemProxy */;
		};
/* End PBXTargetDependency section */

/* Begin PBXVariantGroup section */
		55C44B491F87E86F002D5B24 /* Main.storyboard */ = {
			isa = PBXVariantGroup;
			children = (
				55C44B4A1F87E86F002D5B24 /* Base */,
			);
			name = Main.storyboard;
			sourceTree = "<group>";
		};
		55C44B4E1F87E86F002D5B24 /* LaunchScreen.storyboard */ = {
			isa = PBXVariantGroup;
			children = (
				55C44B4F1F87E86F002D5B24 /* Base */,
			);
			name = LaunchScreen.storyboard;
			sourceTree = "<group>";
		};
/* End PBXVariantGroup section */

/* Begin XCBuildConfiguration section */
		55C44B681F87E870002D5B24 /* Debug */ = {
			isa = XCBuildConfiguration;
			buildSettings = {
				ALWAYS_SEARCH_USER_PATHS = NO;
				CLANG_ANALYZER_NONNULL = YES;
				CLANG_ANALYZER_NUMBER_OBJECT_CONVERSION = YES_AGGRESSIVE;
				CLANG_CXX_LANGUAGE_STANDARD = "gnu++14";
				CLANG_CXX_LIBRARY = "libc++";
				CLANG_ENABLE_MODULES = YES;
				CLANG_ENABLE_OBJC_ARC = YES;
				CLANG_WARN_BLOCK_CAPTURE_AUTORELEASING = YES;
				CLANG_WARN_BOOL_CONVERSION = YES;
				CLANG_WARN_COMMA = YES;
				CLANG_WARN_CONSTANT_CONVERSION = YES;
				CLANG_WARN_DIRECT_OBJC_ISA_USAGE = YES_ERROR;
				CLANG_WARN_DOCUMENTATION_COMMENTS = YES;
				CLANG_WARN_EMPTY_BODY = YES;
				CLANG_WARN_ENUM_CONVERSION = YES;
				CLANG_WARN_INFINITE_RECURSION = YES;
				CLANG_WARN_INT_CONVERSION = YES;
				CLANG_WARN_NON_LITERAL_NULL_CONVERSION = YES;
				CLANG_WARN_OBJC_LITERAL_CONVERSION = YES;
				CLANG_WARN_OBJC_ROOT_CLASS = YES_ERROR;
				CLANG_WARN_RANGE_LOOP_ANALYSIS = YES;
				CLANG_WARN_STRICT_PROTOTYPES = YES;
				CLANG_WARN_SUSPICIOUS_MOVE = YES;
				CLANG_WARN_UNGUARDED_AVAILABILITY = YES_AGGRESSIVE;
				CLANG_WARN_UNREACHABLE_CODE = YES;
				CLANG_WARN__DUPLICATE_METHOD_MATCH = YES;
				CODE_SIGN_IDENTITY = "iPhone Developer";
				COPY_PHASE_STRIP = NO;
				DEBUG_INFORMATION_FORMAT = dwarf;
				ENABLE_STRICT_OBJC_MSGSEND = YES;
				ENABLE_TESTABILITY = YES;
				GCC_C_LANGUAGE_STANDARD = gnu11;
				GCC_DYNAMIC_NO_PIC = NO;
				GCC_NO_COMMON_BLOCKS = YES;
				GCC_OPTIMIZATION_LEVEL = 0;
				GCC_PREPROCESSOR_DEFINITIONS = (
					"DEBUG=1",
					"$(inherited)",
				);
				GCC_WARN_64_TO_32_BIT_CONVERSION = YES;
				GCC_WARN_ABOUT_RETURN_TYPE = YES_ERROR;
				GCC_WARN_UNDECLARED_SELECTOR = YES;
				GCC_WARN_UNINITIALIZED_AUTOS = YES_AGGRESSIVE;
				GCC_WARN_UNUSED_FUNCTION = YES;
				GCC_WARN_UNUSED_VARIABLE = YES;
				IPHONEOS_DEPLOYMENT_TARGET = 11.0;
				MTL_ENABLE_DEBUG_INFO = YES;
				ONLY_ACTIVE_ARCH = YES;
				SDKROOT = iphoneos;
				SWIFT_ACTIVE_COMPILATION_CONDITIONS = DEBUG;
				SWIFT_OPTIMIZATION_LEVEL = "-Onone";
			};
			name = Debug;
		};
		55C44B691F87E870002D5B24 /* Release */ = {
			isa = XCBuildConfiguration;
			buildSettings = {
				ALWAYS_SEARCH_USER_PATHS = NO;
				CLANG_ANALYZER_NONNULL = YES;
				CLANG_ANALYZER_NUMBER_OBJECT_CONVERSION = YES_AGGRESSIVE;
				CLANG_CXX_LANGUAGE_STANDARD = "gnu++14";
				CLANG_CXX_LIBRARY = "libc++";
				CLANG_ENABLE_MODULES = YES;
				CLANG_ENABLE_OBJC_ARC = YES;
				CLANG_WARN_BLOCK_CAPTURE_AUTORELEASING = YES;
				CLANG_WARN_BOOL_CONVERSION = YES;
				CLANG_WARN_COMMA = YES;
				CLANG_WARN_CONSTANT_CONVERSION = YES;
				CLANG_WARN_DIRECT_OBJC_ISA_USAGE = YES_ERROR;
				CLANG_WARN_DOCUMENTATION_COMMENTS = YES;
				CLANG_WARN_EMPTY_BODY = YES;
				CLANG_WARN_ENUM_CONVERSION = YES;
				CLANG_WARN_INFINITE_RECURSION = YES;
				CLANG_WARN_INT_CONVERSION = YES;
				CLANG_WARN_NON_LITERAL_NULL_CONVERSION = YES;
				CLANG_WARN_OBJC_LITERAL_CONVERSION = YES;
				CLANG_WARN_OBJC_ROOT_CLASS = YES_ERROR;
				CLANG_WARN_RANGE_LOOP_ANALYSIS = YES;
				CLANG_WARN_STRICT_PROTOTYPES = YES;
				CLANG_WARN_SUSPICIOUS_MOVE = YES;
				CLANG_WARN_UNGUARDED_AVAILABILITY = YES_AGGRESSIVE;
				CLANG_WARN_UNREACHABLE_CODE = YES;
				CLANG_WARN__DUPLICATE_METHOD_MATCH = YES;
				CODE_SIGN_IDENTITY = "iPhone Developer";
				COPY_PHASE_STRIP = NO;
				DEBUG_INFORMATION_FORMAT = "dwarf-with-dsym";
				ENABLE_NS_ASSERTIONS = NO;
				ENABLE_STRICT_OBJC_MSGSEND = YES;
				GCC_C_LANGUAGE_STANDARD = gnu11;
				GCC_NO_COMMON_BLOCKS = YES;
				GCC_WARN_64_TO_32_BIT_CONVERSION = YES;
				GCC_WARN_ABOUT_RETURN_TYPE = YES_ERROR;
				GCC_WARN_UNDECLARED_SELECTOR = YES;
				GCC_WARN_UNINITIALIZED_AUTOS = YES_AGGRESSIVE;
				GCC_WARN_UNUSED_FUNCTION = YES;
				GCC_WARN_UNUSED_VARIABLE = YES;
				IPHONEOS_DEPLOYMENT_TARGET = 11.0;
				MTL_ENABLE_DEBUG_INFO = NO;
				SDKROOT = iphoneos;
				SWIFT_OPTIMIZATION_LEVEL = "-Owholemodule";
				VALIDATE_PRODUCT = YES;
			};
			name = Release;
		};
		55C44B6B1F87E870002D5B24 /* Debug */ = {
			isa = XCBuildConfiguration;
			buildSettings = {
				ASSETCATALOG_COMPILER_APPICON_NAME = AppIcon;
				CODE_SIGN_IDENTITY = "iPhone Developer";
				"CODE_SIGN_IDENTITY[sdk=iphoneos*]" = "iPhone Developer";
				CODE_SIGN_STYLE = Automatic;
				"CODE_SIGN_STYLE[sdk=*]" = Automatic;
				DEVELOPMENT_TEAM = 42W6XQB2U5;
				INFOPLIST_FILE = Spineducation/Info.plist;
				LD_RUNPATH_SEARCH_PATHS = "$(inherited) @executable_path/Frameworks";
				PRODUCT_BUNDLE_IDENTIFIER = com.csgirls.Spineducation;
				PRODUCT_NAME = "$(TARGET_NAME)";
				PROVISIONING_PROFILE_SPECIFIER = "";
				SWIFT_VERSION = 4.0;
				TARGETED_DEVICE_FAMILY = "1,2";
			};
			name = Debug;
		};
		55C44B6C1F87E870002D5B24 /* Release */ = {
			isa = XCBuildConfiguration;
			buildSettings = {
				ASSETCATALOG_COMPILER_APPICON_NAME = AppIcon;
				CODE_SIGN_IDENTITY = "iPhone Developer";
				"CODE_SIGN_IDENTITY[sdk=iphoneos*]" = "iPhone Developer";
				CODE_SIGN_STYLE = Automatic;
				DEVELOPMENT_TEAM = 42W6XQB2U5;
				INFOPLIST_FILE = Spineducation/Info.plist;
				LD_RUNPATH_SEARCH_PATHS = "$(inherited) @executable_path/Frameworks";
				PRODUCT_BUNDLE_IDENTIFIER = com.csgirls.Spineducation;
				PRODUCT_NAME = "$(TARGET_NAME)";
				PROVISIONING_PROFILE_SPECIFIER = "";
				SWIFT_VERSION = 4.0;
				TARGETED_DEVICE_FAMILY = "1,2";
			};
			name = Release;
		};
		55C44B6E1F87E870002D5B24 /* Debug */ = {
			isa = XCBuildConfiguration;
			buildSettings = {
				ALWAYS_EMBED_SWIFT_STANDARD_LIBRARIES = YES;
				BUNDLE_LOADER = "$(TEST_HOST)";
				CODE_SIGN_STYLE = Automatic;
				INFOPLIST_FILE = SpineducationTests/Info.plist;
				LD_RUNPATH_SEARCH_PATHS = "$(inherited) @executable_path/Frameworks @loader_path/Frameworks";
				PRODUCT_BUNDLE_IDENTIFIER = com.katrinerachitsky.SpineducationTests;
				PRODUCT_NAME = "$(TARGET_NAME)";
				SWIFT_VERSION = 4.0;
				TARGETED_DEVICE_FAMILY = "1,2";
				TEST_HOST = "$(BUILT_PRODUCTS_DIR)/Spineducation.app/Spineducation";
			};
			name = Debug;
		};
		55C44B6F1F87E870002D5B24 /* Release */ = {
			isa = XCBuildConfiguration;
			buildSettings = {
				ALWAYS_EMBED_SWIFT_STANDARD_LIBRARIES = YES;
				BUNDLE_LOADER = "$(TEST_HOST)";
				CODE_SIGN_STYLE = Automatic;
				INFOPLIST_FILE = SpineducationTests/Info.plist;
				LD_RUNPATH_SEARCH_PATHS = "$(inherited) @executable_path/Frameworks @loader_path/Frameworks";
				PRODUCT_BUNDLE_IDENTIFIER = com.katrinerachitsky.SpineducationTests;
				PRODUCT_NAME = "$(TARGET_NAME)";
				SWIFT_VERSION = 4.0;
				TARGETED_DEVICE_FAMILY = "1,2";
				TEST_HOST = "$(BUILT_PRODUCTS_DIR)/Spineducation.app/Spineducation";
			};
			name = Release;
		};
		55C44B711F87E870002D5B24 /* Debug */ = {
			isa = XCBuildConfiguration;
			buildSettings = {
				ALWAYS_EMBED_SWIFT_STANDARD_LIBRARIES = YES;
				CODE_SIGN_STYLE = Automatic;
				INFOPLIST_FILE = SpineducationUITests/Info.plist;
				LD_RUNPATH_SEARCH_PATHS = "$(inherited) @executable_path/Frameworks @loader_path/Frameworks";
				PRODUCT_BUNDLE_IDENTIFIER = com.katrinerachitsky.SpineducationUITests;
				PRODUCT_NAME = "$(TARGET_NAME)";
				SWIFT_VERSION = 4.0;
				TARGETED_DEVICE_FAMILY = "1,2";
				TEST_TARGET_NAME = Spineducation;
			};
			name = Debug;
		};
		55C44B721F87E870002D5B24 /* Release */ = {
			isa = XCBuildConfiguration;
			buildSettings = {
				ALWAYS_EMBED_SWIFT_STANDARD_LIBRARIES = YES;
				CODE_SIGN_STYLE = Automatic;
				INFOPLIST_FILE = SpineducationUITests/Info.plist;
				LD_RUNPATH_SEARCH_PATHS = "$(inherited) @executable_path/Frameworks @loader_path/Frameworks";
				PRODUCT_BUNDLE_IDENTIFIER = com.katrinerachitsky.SpineducationUITests;
				PRODUCT_NAME = "$(TARGET_NAME)";
				SWIFT_VERSION = 4.0;
				TARGETED_DEVICE_FAMILY = "1,2";
				TEST_TARGET_NAME = Spineducation;
			};
			name = Release;
		};
/* End XCBuildConfiguration section */

/* Begin XCConfigurationList section */
		55C44B3B1F87E86F002D5B24 /* Build configuration list for PBXProject "Spineducation" */ = {
			isa = XCConfigurationList;
			buildConfigurations = (
				55C44B681F87E870002D5B24 /* Debug */,
				55C44B691F87E870002D5B24 /* Release */,
			);
			defaultConfigurationIsVisible = 0;
			defaultConfigurationName = Release;
		};
		55C44B6A1F87E870002D5B24 /* Build configuration list for PBXNativeTarget "Spineducation" */ = {
			isa = XCConfigurationList;
			buildConfigurations = (
				55C44B6B1F87E870002D5B24 /* Debug */,
				55C44B6C1F87E870002D5B24 /* Release */,
			);
			defaultConfigurationIsVisible = 0;
			defaultConfigurationName = Release;
		};
		55C44B6D1F87E870002D5B24 /* Build configuration list for PBXNativeTarget "SpineducationTests" */ = {
			isa = XCConfigurationList;
			buildConfigurations = (
				55C44B6E1F87E870002D5B24 /* Debug */,
				55C44B6F1F87E870002D5B24 /* Release */,
			);
			defaultConfigurationIsVisible = 0;
			defaultConfigurationName = Release;
		};
		55C44B701F87E870002D5B24 /* Build configuration list for PBXNativeTarget "SpineducationUITests" */ = {
			isa = XCConfigurationList;
			buildConfigurations = (
				55C44B711F87E870002D5B24 /* Debug */,
				55C44B721F87E870002D5B24 /* Release */,
			);
			defaultConfigurationIsVisible = 0;
			defaultConfigurationName = Release;
		};
/* End XCConfigurationList section */
	};
	rootObject = 55C44B381F87E86F002D5B24 /* Project object */;
}
